{
  "nodes": {
    "kmonad": {
      "flake": false,
      "locked": {
        "lastModified": 1651937557,
        "narHash": "sha256-gvQsenQrEsLxLFgUGJhJBIx3+t1dtLMMTVEO/yZ8nRg=",
        "owner": "kmonad",
        "repo": "kmonad",
        "rev": "c43a0180a3b9ca9c4ff4a283b17369fc4e8e46e2",
        "type": "github"
      },
      "original": {
        "owner": "kmonad",
        "repo": "kmonad",
        "type": "github"
      }
    },
    "nixpkgs": {
      "locked": {
        "lastModified": 1645296114,
        "narHash": "sha256-y53N7TyIkXsjMpOG7RhvqJFGDacLs9HlyHeSTBioqYU=",
        "owner": "nixos",
        "repo": "nixpkgs",
        "rev": "530a53dcbc9437363471167a5e4762c5fcfa34a1",
        "type": "github"
      },
      "original": {
        "owner": "nixos",
        "ref": "nixos-21.05",
        "repo": "nixpkgs",
        "type": "github"
      }
    },
    "root": {
      "inputs": {
        "kmonad": "kmonad",
        "nixpkgs": "nixpkgs"
      }
    }
  },
  "root": "root",
  "version": 7
}
