{
  "nodes": {
    "bashrc": {
      "inputs": {
        "nixpkgs": [
          "nixpkgs"
        ]
      },
      "locked": {
        "lastModified": 1700148473,
        "narHash": "sha256-qivPqVSlpQuGa8odlalGMNIJdPQ9d+iu38ZjD0VfMW0=",
        "owner": "pjones",
        "repo": "bashrc",
        "rev": "9e571d21946b2575c10500a7185050bb3313733c",
        "type": "github"
      },
      "original": {
        "owner": "pjones",
        "repo": "bashrc",
        "type": "github"
      }
    },
    "desktop-scripts": {
      "inputs": {
        "nixpkgs": [
          "nixpkgs"
        ]
      },
      "locked": {
        "lastModified": 1719267551,
        "narHash": "sha256-XhLi0lMZsjmbgokaOh+GpvZRQ52WCup3VOmHvQixkws=",
        "owner": "pjones",
        "repo": "desktop-scripts",
        "rev": "466c8de0352ddddea76ed5f8c501a8ddcb7b0eb4",
        "type": "github"
      },
      "original": {
        "owner": "pjones",
        "repo": "desktop-scripts",
        "type": "github"
      }
    },
    "emacsrc": {
      "inputs": {
        "desktop-scripts": [
          "desktop-scripts"
        ],
        "home-manager": [
          "home-manager"
        ],
        "nixpkgs": [
          "nixpkgs"
        ],
        "passmm": "passmm",
        "telega": "telega"
      },
      "locked": {
        "lastModified": 1719853210,
        "narHash": "sha256-M0Wc82BrpoGFd++ZIY0x8f+SEOPF7wscxbYCe4h6C7c=",
        "owner": "pjones",
        "repo": "emacsrc",
        "rev": "a23648aa6ebe0b69144336719abff87ef854be78",
        "type": "github"
      },
      "original": {
        "owner": "pjones",
        "ref": "nixos-24.05",
        "repo": "emacsrc",
        "type": "github"
      }
    },
    "encryption-utils": {
      "inputs": {
        "nixos-generators": "nixos-generators",
        "nixos-hardware": "nixos-hardware",
        "nixpkgs": [
          "nixpkgs"
        ]
      },
      "locked": {
        "lastModified": 1688683856,
        "narHash": "sha256-LXNrw5Bf22x5NaRpezA2yZB/S3NOOaM3dKvKPH7IT5Y=",
        "owner": "pjones",
        "repo": "encryption-utils",
        "rev": "730829f9dfa71f0dfca24a054f0592aa1c2ab2a6",
        "type": "github"
      },
      "original": {
        "owner": "pjones",
        "repo": "encryption-utils",
        "type": "github"
      }
    },
    "firefox-csshacks": {
      "flake": false,
      "locked": {
        "lastModified": 1718528420,
        "narHash": "sha256-8xO0QtDNx4uAT52T+dND+EsInBXVgWVel2yM6recSmY=",
        "owner": "MrOtherGuy",
        "repo": "firefox-csshacks",
        "rev": "467a53ee72e169a9cef54b8677738b71dffd1335",
        "type": "github"
      },
      "original": {
        "owner": "MrOtherGuy",
        "repo": "firefox-csshacks",
        "type": "github"
      }
    },
    "flake-compat": {
      "flake": false,
      "locked": {
        "lastModified": 1696426674,
        "narHash": "sha256-kvjfFW7WAETZlt09AgDn1MrtKzP7t90Vf7vypd3OL1U=",
        "owner": "edolstra",
        "repo": "flake-compat",
        "rev": "0f9255e01c2351cc7d116c072cb317785dd33b33",
        "type": "github"
      },
      "original": {
        "owner": "edolstra",
        "repo": "flake-compat",
        "type": "github"
      }
    },
    "flake-compat_2": {
      "flake": false,
      "locked": {
        "lastModified": 1696426674,
        "narHash": "sha256-kvjfFW7WAETZlt09AgDn1MrtKzP7t90Vf7vypd3OL1U=",
        "owner": "edolstra",
        "repo": "flake-compat",
        "rev": "0f9255e01c2351cc7d116c072cb317785dd33b33",
        "type": "github"
      },
      "original": {
        "owner": "edolstra",
        "repo": "flake-compat",
        "type": "github"
      }
    },
    "flake-utils": {
      "inputs": {
        "systems": "systems"
      },
      "locked": {
        "lastModified": 1710146030,
        "narHash": "sha256-SZ5L6eA7HJ/nmkzGG7/ISclqe6oZdOZTNoesiInkXPQ=",
        "owner": "numtide",
        "repo": "flake-utils",
        "rev": "b1d9ab70662946ef0850d488da1c9019f3a9752a",
        "type": "github"
      },
      "original": {
        "owner": "numtide",
        "repo": "flake-utils",
        "type": "github"
      }
    },
    "haskellrc": {
      "inputs": {
        "nixpkgs": [
          "nixpkgs"
        ]
      },
      "locked": {
        "lastModified": 1654020151,
        "narHash": "sha256-tSxWy4R2weCNUaT4hUEKOieVnZaolElqwusmtSgq2D0=",
        "owner": "pjones",
        "repo": "haskellrc",
        "rev": "d6ba166eac8e1b1bc2c272326153ed137278983c",
        "type": "github"
      },
      "original": {
        "owner": "pjones",
        "repo": "haskellrc",
        "type": "github"
      }
    },
    "home-manager": {
      "inputs": {
        "nixpkgs": [
          "nixpkgs"
        ]
      },
      "locked": {
        "lastModified": 1719827385,
        "narHash": "sha256-qs+nU20Sm8czHg3bhGCqiH+8e13BJyRrKONW34g3i50=",
        "owner": "nix-community",
        "repo": "home-manager",
        "rev": "391ca6e950c2525b4f853cbe29922452c14eda82",
        "type": "github"
      },
      "original": {
        "owner": "nix-community",
        "ref": "release-24.05",
        "repo": "home-manager",
        "type": "github"
      }
    },
    "image-scripts": {
      "inputs": {
        "nixpkgs": [
          "nixpkgs"
        ]
      },
      "locked": {
        "lastModified": 1639591967,
        "narHash": "sha256-SionL7WLZ4i6JICT+w5G1LjoujDKBoa30VeQE54Y/SI=",
        "owner": "pjones",
        "repo": "image-scripts",
        "rev": "da72784f3aa86d6058f071af63b6c64d526bf7d0",
        "type": "github"
      },
      "original": {
        "owner": "pjones",
        "repo": "image-scripts",
        "type": "github"
      }
    },
    "kmonad": {
      "inputs": {
        "nixpkgs": "nixpkgs"
      },
      "locked": {
        "dir": "nix",
        "lastModified": 1717741147,
        "narHash": "sha256-Zz1xi6Fy8QrYkaC7WuKjUt8sxJmP9xd7+kHlkdjQ7qE=",
        "owner": "kmonad",
        "repo": "kmonad",
        "rev": "235b42610758355a664c153999c1ff03b4d918e6",
        "type": "github"
      },
      "original": {
        "dir": "nix",
        "owner": "kmonad",
        "repo": "kmonad",
        "type": "github"
      }
    },
    "maintenance-scripts": {
      "inputs": {
        "nixpkgs": [
          "nixpkgs"
        ]
      },
      "locked": {
        "lastModified": 1639514980,
        "narHash": "sha256-6aChu0wNkx+5n+Qg+g7px21ZiEg3ooTr6BIFxUi12k0=",
        "owner": "pjones",
        "repo": "maintenance-scripts",
        "rev": "836a4a39718bacd02b0411d5be6e57bf09f06b0c",
        "type": "github"
      },
      "original": {
        "owner": "pjones",
        "repo": "maintenance-scripts",
        "type": "github"
      }
    },
    "network-scripts": {
      "inputs": {
        "nixpkgs": [
          "nixpkgs"
        ]
      },
      "locked": {
        "lastModified": 1704754160,
        "narHash": "sha256-Apuwgpjc63Mqr82WSPjD4IeNLah3MeDsUvQJ09Kim74=",
        "owner": "pjones",
        "repo": "network-scripts",
        "rev": "b385b2cc39e11f090b9ac3af3c25e61ddecf8c17",
        "type": "github"
      },
      "original": {
        "owner": "pjones",
        "repo": "network-scripts",
        "type": "github"
      }
    },
    "nixlib": {
      "locked": {
        "lastModified": 1688259758,
        "narHash": "sha256-CYVbYQfIm3vwciCf6CCYE+WOOLE3vcfxfEfNHIfKUJQ=",
        "owner": "nix-community",
        "repo": "nixpkgs.lib",
        "rev": "a92befce80a487380ea5e92ae515fe33cebd3ac6",
        "type": "github"
      },
      "original": {
        "owner": "nix-community",
        "repo": "nixpkgs.lib",
        "type": "github"
      }
    },
    "nixos-generators": {
      "inputs": {
        "nixlib": "nixlib",
        "nixpkgs": [
          "encryption-utils",
          "nixpkgs"
        ]
      },
      "locked": {
        "lastModified": 1688349424,
        "narHash": "sha256-/wRCJP2d9ZmfZKrREWthpDHIx/F02Z1J2bytbC+gUiU=",
        "owner": "nix-community",
        "repo": "nixos-generators",
        "rev": "cf341a2c94338eed91c35df291931ea775b31e99",
        "type": "github"
      },
      "original": {
        "owner": "nix-community",
        "repo": "nixos-generators",
        "type": "github"
      }
    },
    "nixos-hardware": {
      "locked": {
        "lastModified": 1686838567,
        "narHash": "sha256-aqKCUD126dRlVSKV6vWuDCitfjFrZlkwNuvj5LtjRRU=",
        "owner": "NixOS",
        "repo": "nixos-hardware",
        "rev": "429f232fe1dc398c5afea19a51aad6931ee0fb89",
        "type": "github"
      },
      "original": {
        "owner": "NixOS",
        "ref": "master",
        "repo": "nixos-hardware",
        "type": "github"
      }
    },
    "nixpkgs": {
      "locked": {
        "lastModified": 1705242415,
        "narHash": "sha256-a8DRYrNrzTudvO7XHUPNJD89Wbf1ZZT0VbwCsPnHWaE=",
        "owner": "NixOS",
        "repo": "nixpkgs",
        "rev": "ea780f3de2d169f982564128804841500e85e373",
        "type": "github"
      },
      "original": {
        "owner": "NixOS",
        "ref": "nixpkgs-unstable",
        "repo": "nixpkgs",
        "type": "github"
      }
    },
    "nixpkgs_2": {
      "locked": {
        "lastModified": 1719707984,
        "narHash": "sha256-RoxIr/fbndtuKqulGvNCcuzC6KdAib85Q8gXnjzA1dw=",
        "owner": "NixOS",
        "repo": "nixpkgs",
        "rev": "7dca15289a1c2990efbe4680f0923ce14139b042",
        "type": "github"
      },
      "original": {
        "owner": "NixOS",
        "ref": "nixos-24.05",
        "repo": "nixpkgs",
        "type": "github"
      }
    },
    "nixpkgs_3": {
      "locked": {
        "lastModified": 1638922083,
        "narHash": "sha256-IlQm69UmCfQBwccn+zZULwun0KRtdWFNYQ4jEA3VwW0=",
        "owner": "NixOS",
        "repo": "nixpkgs",
        "rev": "fe56507bd3063a30f3a741a45bf3ba74a91cfac2",
        "type": "github"
      },
      "original": {
        "owner": "NixOS",
        "ref": "nixos-21.05",
        "repo": "nixpkgs",
        "type": "github"
      }
    },
    "nixpkgs_4": {
      "locked": {
        "lastModified": 1716948383,
        "narHash": "sha256-SzDKxseEcHR5KzPXLwsemyTR/kaM9whxeiJohbL04rs=",
        "owner": "NixOS",
        "repo": "nixpkgs",
        "rev": "ad57eef4ef0659193044870c731987a6df5cf56b",
        "type": "github"
      },
      "original": {
        "owner": "NixOS",
        "ref": "nixos-unstable",
        "repo": "nixpkgs",
        "type": "github"
      }
    },
    "nur": {
      "locked": {
        "lastModified": 1719852527,
        "narHash": "sha256-ukQIdOB04dTQaSYEbusg8AGAGC1P9jAewlAFOfQ43No=",
        "owner": "nix-community",
        "repo": "NUR",
        "rev": "066fc71debf733022bb4d7347a50bb4df7cd9187",
        "type": "github"
      },
      "original": {
        "owner": "nix-community",
        "repo": "NUR",
        "type": "github"
      }
    },
    "oled-display": {
      "inputs": {
        "nixpkgs": "nixpkgs_3"
      },
      "locked": {
        "lastModified": 1639520204,
        "narHash": "sha256-mAWNEoFe659TSSqq6tboqcQTJa8yBktFElnDJjdfOrM=",
        "owner": "pjones",
        "repo": "oled-display",
        "rev": "bb4e5f77c9d25f2a302ad551534432ab1269219c",
        "type": "github"
      },
      "original": {
        "owner": "pjones",
        "repo": "oled-display",
        "type": "github"
      }
    },
    "passmm": {
      "flake": false,
      "locked": {
        "lastModified": 1670182020,
        "narHash": "sha256-VjRp0Cb8UEJMbxWXKvRW83tanc+O5jOCrnjD2WT2YOY=",
        "owner": "pjones",
        "repo": "passmm",
        "rev": "66691e301dff476eaff7c6e817ed9df96d4404c8",
        "type": "github"
      },
      "original": {
        "owner": "pjones",
        "repo": "passmm",
        "type": "github"
      }
    },
    "rofirc": {
      "inputs": {
        "desktop-scripts": [
          "superkey",
          "desktop-scripts"
        ],
        "nixpkgs": [
          "superkey",
          "nixpkgs"
        ]
      },
      "locked": {
        "lastModified": 1718056804,
        "narHash": "sha256-0s3Orawjpa527dCR6ZT3zgqr8YlbaMk6b3IqQxkF+dU=",
        "owner": "pjones",
        "repo": "rofirc",
        "rev": "8ae5186b5295af6e71390ed79ca92f5dac46a0f3",
        "type": "github"
      },
      "original": {
        "owner": "pjones",
        "ref": "wayland",
        "repo": "rofirc",
        "type": "github"
      }
    },
    "root": {
      "inputs": {
        "bashrc": "bashrc",
        "desktop-scripts": "desktop-scripts",
        "emacsrc": "emacsrc",
        "encryption-utils": "encryption-utils",
        "firefox-csshacks": "firefox-csshacks",
        "haskellrc": "haskellrc",
        "home-manager": "home-manager",
        "image-scripts": "image-scripts",
        "kmonad": "kmonad",
        "maintenance-scripts": "maintenance-scripts",
        "network-scripts": "network-scripts",
        "nixpkgs": "nixpkgs_2",
        "nur": "nur",
        "oled-display": "oled-display",
        "superkey": "superkey",
        "tmuxrc": "tmuxrc",
        "tridactyl_emacs_config": "tridactyl_emacs_config",
        "wsl": "wsl",
        "zshrc": "zshrc"
      }
    },
    "superkey": {
      "inputs": {
        "desktop-scripts": [
          "desktop-scripts"
        ],
        "emacsrc": [
          "emacsrc"
        ],
        "home-manager": [
          "home-manager"
        ],
        "nixpkgs": [
          "nixpkgs"
        ],
        "rofirc": "rofirc",
        "waybar": "waybar"
      },
      "locked": {
        "lastModified": 1719696203,
        "narHash": "sha256-dtapYC5o5M/hCNZZKsG+DQ73l4qLyrhM7GuZjS7bHgY=",
        "owner": "pjones",
        "repo": "superkey",
        "rev": "bb5f8ccf801f99e7bf9016d7dde1158a9f2413ec",
        "type": "github"
      },
      "original": {
        "owner": "pjones",
        "repo": "superkey",
        "type": "github"
      }
    },
    "systems": {
      "locked": {
        "lastModified": 1681028828,
        "narHash": "sha256-Vy1rq5AaRuLzOxct8nz4T6wlgyUR7zLU309k9mBC768=",
        "owner": "nix-systems",
        "repo": "default",
        "rev": "da67096a3b9bf56a91d16901293e51ba5b49a27e",
        "type": "github"
      },
      "original": {
        "owner": "nix-systems",
        "repo": "default",
        "type": "github"
      }
    },
    "telega": {
      "flake": false,
      "locked": {
        "lastModified": 1715276147,
        "narHash": "sha256-Fpcta1oyuE95ysHnTRFnoaFBp1bnQkmc9ko92gRhKVs=",
        "owner": "zevlg",
        "repo": "telega.el",
        "rev": "99477b075f4032a49283d730e909a26f11606ee5",
        "type": "github"
      },
      "original": {
        "owner": "zevlg",
        "repo": "telega.el",
        "rev": "99477b075f4032a49283d730e909a26f11606ee5",
        "type": "github"
      }
    },
    "tmuxrc": {
      "inputs": {
        "nixpkgs": [
          "nixpkgs"
        ]
      },
      "locked": {
        "lastModified": 1699561759,
        "narHash": "sha256-FptYm8YWH/LBylVgwLp7KHO/PwOQ3yKoI54/aqKwgC8=",
        "owner": "pjones",
        "repo": "tmuxrc",
        "rev": "ea1ec13d151f5a65cd2fe76b8deb623dc732b920",
        "type": "github"
      },
      "original": {
        "owner": "pjones",
        "repo": "tmuxrc",
        "type": "github"
      }
    },
    "tridactyl_emacs_config": {
      "flake": false,
      "locked": {
        "lastModified": 1635745041,
        "narHash": "sha256-qWajthIVkqDCwY1QkUs0DqSt+XFWwVzyI8N4s7G7tsI=",
        "owner": "jumper047",
        "repo": "tridactyl_emacs_config",
        "rev": "5674d6bb38abbe639dd8caaf3d81f33fc06f59fd",
        "type": "github"
      },
      "original": {
        "owner": "jumper047",
        "repo": "tridactyl_emacs_config",
        "rev": "5674d6bb38abbe639dd8caaf3d81f33fc06f59fd",
        "type": "github"
      }
    },
    "waybar": {
      "inputs": {
        "flake-compat": "flake-compat",
        "nixpkgs": "nixpkgs_4"
      },
      "locked": {
        "lastModified": 1718048281,
        "narHash": "sha256-OMK4BB/a63LQ/2Lh4WvHOfRvTIh043H4Mxro62ue4Ec=",
        "owner": "Alexays",
        "repo": "Waybar",
        "rev": "0251e25f234d24300b9f1063896e13a188fda03c",
        "type": "github"
      },
      "original": {
        "owner": "Alexays",
        "repo": "Waybar",
        "type": "github"
      }
    },
    "wsl": {
      "inputs": {
        "flake-compat": "flake-compat_2",
        "flake-utils": "flake-utils",
        "nixpkgs": [
          "nixpkgs"
        ]
      },
      "locked": {
        "lastModified": 1719220171,
        "narHash": "sha256-xywM6JoGT8AwfoOFJBTv8GRlvNu8LYqqqMS/OQ6uCgE=",
        "owner": "nix-community",
        "repo": "NixOS-WSL",
        "rev": "269411cfed6aab694e46f719277c972de96177bb",
        "type": "github"
      },
      "original": {
        "owner": "nix-community",
        "repo": "NixOS-WSL",
        "type": "github"
      }
    },
    "zshrc": {
      "inputs": {
        "nixpkgs": [
          "nixpkgs"
        ]
      },
      "locked": {
        "lastModified": 1699561844,
        "narHash": "sha256-37YBLy/oiYrPuetJSbLd1NvoFFUZsqMwojFrS1efPQw=",
        "owner": "pjones",
        "repo": "zshrc",
        "rev": "4722f3bc06502c47eecc700f301acc88f138831b",
        "type": "github"
      },
      "original": {
        "owner": "pjones",
        "repo": "zshrc",
        "type": "github"
      }
    }
  },
  "root": "root",
  "version": 7
}
