{
  "nodes": {
    "bashrc": {
      "inputs": {
        "nixpkgs": [
          "nixpkgs"
        ]
      },
      "locked": {
        "lastModified": 1639434789,
        "narHash": "sha256-E+mTDoxsBWu6qPAweykIrUUQGhKDJt1WV93azBXT1bQ=",
        "owner": "pjones",
        "repo": "bashrc",
        "rev": "2ed3e14d406ffc6b9b3ecc22d3cebdc416d3394f",
        "type": "github"
      },
      "original": {
        "owner": "pjones",
        "repo": "bashrc",
        "type": "github"
      }
    },
    "emacsrc": {
      "inputs": {
        "home-manager": [
          "home-manager"
        ],
        "nixpkgs": [
          "nixpkgs"
        ],
        "passmm": "passmm",
        "telega": "telega"
      },
      "locked": {
        "lastModified": 1698684703,
        "narHash": "sha256-EENwTXItbRh3bUN9HfL08+Bvne60lQT1tZqrdrvTusQ=",
        "owner": "pjones",
        "repo": "emacsrc",
        "rev": "ce275a6f4ca25106fd70a2acd1fccfb72f48ad77",
        "type": "github"
      },
      "original": {
        "owner": "pjones",
        "repo": "emacsrc",
        "type": "github"
      }
    },
    "encryption-utils": {
      "inputs": {
        "nixos-generators": "nixos-generators",
        "nixos-hardware": "nixos-hardware",
        "nixpkgs": [
          "nixpkgs"
        ]
      },
      "locked": {
        "lastModified": 1688683856,
        "narHash": "sha256-LXNrw5Bf22x5NaRpezA2yZB/S3NOOaM3dKvKPH7IT5Y=",
        "owner": "pjones",
        "repo": "encryption-utils",
        "rev": "730829f9dfa71f0dfca24a054f0592aa1c2ab2a6",
        "type": "github"
      },
      "original": {
        "owner": "pjones",
        "repo": "encryption-utils",
        "type": "github"
      }
    },
    "flake-compat": {
      "flake": false,
      "locked": {
        "lastModified": 1696426674,
        "narHash": "sha256-kvjfFW7WAETZlt09AgDn1MrtKzP7t90Vf7vypd3OL1U=",
        "owner": "edolstra",
        "repo": "flake-compat",
        "rev": "0f9255e01c2351cc7d116c072cb317785dd33b33",
        "type": "github"
      },
      "original": {
        "owner": "edolstra",
        "repo": "flake-compat",
        "type": "github"
      }
    },
    "flake-utils": {
      "inputs": {
        "systems": "systems"
      },
      "locked": {
        "lastModified": 1694529238,
        "narHash": "sha256-zsNZZGTGnMOf9YpHKJqMSsa0dXbfmxeoJ7xHlrt+xmY=",
        "owner": "numtide",
        "repo": "flake-utils",
        "rev": "ff7b65b44d01cf9ba6a71320833626af21126384",
        "type": "github"
      },
      "original": {
        "owner": "numtide",
        "repo": "flake-utils",
        "type": "github"
      }
    },
    "haskellrc": {
      "inputs": {
        "nixpkgs": [
          "nixpkgs"
        ]
      },
      "locked": {
        "lastModified": 1654020151,
        "narHash": "sha256-tSxWy4R2weCNUaT4hUEKOieVnZaolElqwusmtSgq2D0=",
        "owner": "pjones",
        "repo": "haskellrc",
        "rev": "d6ba166eac8e1b1bc2c272326153ed137278983c",
        "type": "github"
      },
      "original": {
        "owner": "pjones",
        "repo": "haskellrc",
        "type": "github"
      }
    },
    "herbstluftwm": {
      "flake": false,
      "locked": {
        "lastModified": 1638803794,
        "narHash": "sha256-08EXWckppi3y22iQmGauuwkYEABAInqEcM3ojvnXo2s=",
        "owner": "herbstluftwm",
        "repo": "herbstluftwm",
        "rev": "1199ee9218b66d5f9f61c9b99cefc96926fabd23",
        "type": "github"
      },
      "original": {
        "owner": "herbstluftwm",
        "repo": "herbstluftwm",
        "type": "github"
      }
    },
    "hlwmrc": {
      "inputs": {
        "herbstluftwm": "herbstluftwm",
        "nixpkgs": [
          "nixpkgs"
        ]
      },
      "locked": {
        "lastModified": 1693508082,
        "narHash": "sha256-IhiP1IsL4v6CZY7BQIg5BnLwCMaUCEG21K6uC8Iz9tM=",
        "owner": "pjones",
        "repo": "hlwmrc",
        "rev": "5b20d2a2d77e2881baf9a12e8349447498f34f73",
        "type": "github"
      },
      "original": {
        "owner": "pjones",
        "repo": "hlwmrc",
        "type": "github"
      }
    },
    "home-manager": {
      "inputs": {
        "nixpkgs": [
          "nixpkgs"
        ]
      },
      "locked": {
        "lastModified": 1695108154,
        "narHash": "sha256-gSg7UTVtls2yO9lKtP0yb66XBHT1Fx5qZSZbGMpSn2c=",
        "owner": "nix-community",
        "repo": "home-manager",
        "rev": "07682fff75d41f18327a871088d20af2710d4744",
        "type": "github"
      },
      "original": {
        "owner": "nix-community",
        "ref": "release-23.05",
        "repo": "home-manager",
        "type": "github"
      }
    },
    "image-scripts": {
      "inputs": {
        "nixpkgs": [
          "nixpkgs"
        ]
      },
      "locked": {
        "lastModified": 1639591967,
        "narHash": "sha256-SionL7WLZ4i6JICT+w5G1LjoujDKBoa30VeQE54Y/SI=",
        "owner": "pjones",
        "repo": "image-scripts",
        "rev": "da72784f3aa86d6058f071af63b6c64d526bf7d0",
        "type": "github"
      },
      "original": {
        "owner": "pjones",
        "repo": "image-scripts",
        "type": "github"
      }
    },
    "kmonad": {
      "inputs": {
        "nixpkgs": "nixpkgs"
      },
      "locked": {
        "dir": "nix",
        "lastModified": 1698213131,
        "narHash": "sha256-RPfi08g5DHvq5oEX57sJ1al2smBk0d9d8gAzL7jRnNQ=",
        "owner": "kmonad",
        "repo": "kmonad",
        "rev": "1b2ec006259ddbe6cda30db8eb783e8177a9f12b",
        "type": "github"
      },
      "original": {
        "dir": "nix",
        "owner": "kmonad",
        "repo": "kmonad",
        "type": "github"
      }
    },
    "maintenance-scripts": {
      "inputs": {
        "nixpkgs": [
          "nixpkgs"
        ]
      },
      "locked": {
        "lastModified": 1639514980,
        "narHash": "sha256-6aChu0wNkx+5n+Qg+g7px21ZiEg3ooTr6BIFxUi12k0=",
        "owner": "pjones",
        "repo": "maintenance-scripts",
        "rev": "836a4a39718bacd02b0411d5be6e57bf09f06b0c",
        "type": "github"
      },
      "original": {
        "owner": "pjones",
        "repo": "maintenance-scripts",
        "type": "github"
      }
    },
    "network-scripts": {
      "inputs": {
        "nixpkgs": [
          "nixpkgs"
        ]
      },
      "locked": {
        "lastModified": 1696781846,
        "narHash": "sha256-TpyTTgAa1z3D57/0NLKDNRzTnXCzDMUN6KLv9KBILvM=",
        "owner": "pjones",
        "repo": "network-scripts",
        "rev": "d1886b86ff0d933a6bedd62dd10069e40c87d1ab",
        "type": "github"
      },
      "original": {
        "owner": "pjones",
        "repo": "network-scripts",
        "type": "github"
      }
    },
    "nixlib": {
      "locked": {
        "lastModified": 1688259758,
        "narHash": "sha256-CYVbYQfIm3vwciCf6CCYE+WOOLE3vcfxfEfNHIfKUJQ=",
        "owner": "nix-community",
        "repo": "nixpkgs.lib",
        "rev": "a92befce80a487380ea5e92ae515fe33cebd3ac6",
        "type": "github"
      },
      "original": {
        "owner": "nix-community",
        "repo": "nixpkgs.lib",
        "type": "github"
      }
    },
    "nixos-generators": {
      "inputs": {
        "nixlib": "nixlib",
        "nixpkgs": [
          "encryption-utils",
          "nixpkgs"
        ]
      },
      "locked": {
        "lastModified": 1688349424,
        "narHash": "sha256-/wRCJP2d9ZmfZKrREWthpDHIx/F02Z1J2bytbC+gUiU=",
        "owner": "nix-community",
        "repo": "nixos-generators",
        "rev": "cf341a2c94338eed91c35df291931ea775b31e99",
        "type": "github"
      },
      "original": {
        "owner": "nix-community",
        "repo": "nixos-generators",
        "type": "github"
      }
    },
    "nixos-hardware": {
      "locked": {
        "lastModified": 1686838567,
        "narHash": "sha256-aqKCUD126dRlVSKV6vWuDCitfjFrZlkwNuvj5LtjRRU=",
        "owner": "NixOS",
        "repo": "nixos-hardware",
        "rev": "429f232fe1dc398c5afea19a51aad6931ee0fb89",
        "type": "github"
      },
      "original": {
        "owner": "NixOS",
        "ref": "master",
        "repo": "nixos-hardware",
        "type": "github"
      }
    },
    "nixpkgs": {
      "locked": {
        "lastModified": 1653326962,
        "narHash": "sha256-W8feCYqKTsMre4nAEpv5Kx1PVFC+hao/LwqtB2Wci/8=",
        "owner": "NixOS",
        "repo": "nixpkgs",
        "rev": "41cc1d5d9584103be4108c1815c350e07c807036",
        "type": "github"
      },
      "original": {
        "owner": "NixOS",
        "ref": "nixpkgs-unstable",
        "repo": "nixpkgs",
        "type": "github"
      }
    },
    "nixpkgs_2": {
      "locked": {
        "lastModified": 1698434055,
        "narHash": "sha256-Phxi5mUKSoL7A0IYUiYtkI9e8NcGaaV5PJEaJApU1Ko=",
        "owner": "NixOS",
        "repo": "nixpkgs",
        "rev": "1a3c95e3b23b3cdb26750621c08cc2f1560cb883",
        "type": "github"
      },
      "original": {
        "owner": "NixOS",
        "ref": "nixos-23.05",
        "repo": "nixpkgs",
        "type": "github"
      }
    },
    "nixpkgs_3": {
      "locked": {
        "lastModified": 1638922083,
        "narHash": "sha256-IlQm69UmCfQBwccn+zZULwun0KRtdWFNYQ4jEA3VwW0=",
        "owner": "NixOS",
        "repo": "nixpkgs",
        "rev": "fe56507bd3063a30f3a741a45bf3ba74a91cfac2",
        "type": "github"
      },
      "original": {
        "owner": "NixOS",
        "ref": "nixos-21.05",
        "repo": "nixpkgs",
        "type": "github"
      }
    },
    "nur": {
      "locked": {
        "lastModified": 1698682568,
        "narHash": "sha256-tUivLGXEhY0d8+4oXn06S5E5xnufkGmubQuDqPoGwkw=",
        "owner": "nix-community",
        "repo": "NUR",
        "rev": "bf223184b4e92b6c0c1d0a292a525606dcfe7f01",
        "type": "github"
      },
      "original": {
        "owner": "nix-community",
        "repo": "NUR",
        "type": "github"
      }
    },
    "oled-display": {
      "inputs": {
        "nixpkgs": "nixpkgs_3"
      },
      "locked": {
        "lastModified": 1639520204,
        "narHash": "sha256-mAWNEoFe659TSSqq6tboqcQTJa8yBktFElnDJjdfOrM=",
        "owner": "pjones",
        "repo": "oled-display",
        "rev": "bb4e5f77c9d25f2a302ad551534432ab1269219c",
        "type": "github"
      },
      "original": {
        "owner": "pjones",
        "repo": "oled-display",
        "type": "github"
      }
    },
    "passmm": {
      "flake": false,
      "locked": {
        "lastModified": 1670182020,
        "narHash": "sha256-VjRp0Cb8UEJMbxWXKvRW83tanc+O5jOCrnjD2WT2YOY=",
        "owner": "pjones",
        "repo": "passmm",
        "rev": "66691e301dff476eaff7c6e817ed9df96d4404c8",
        "type": "github"
      },
      "original": {
        "owner": "pjones",
        "repo": "passmm",
        "type": "github"
      }
    },
    "rofirc": {
      "inputs": {
        "nixpkgs": [
          "nixpkgs"
        ]
      },
      "locked": {
        "lastModified": 1670522476,
        "narHash": "sha256-r2Ra5l/cyNPy/Fe+3yH67lxWq58/ZJvLR9TOH9AgveQ=",
        "owner": "pjones",
        "repo": "rofirc",
        "rev": "ad018180ddadc01d4f6ff3108948b14fbaea3f30",
        "type": "github"
      },
      "original": {
        "owner": "pjones",
        "repo": "rofirc",
        "type": "github"
      }
    },
    "root": {
      "inputs": {
        "bashrc": "bashrc",
        "emacsrc": "emacsrc",
        "encryption-utils": "encryption-utils",
        "haskellrc": "haskellrc",
        "hlwmrc": "hlwmrc",
        "home-manager": "home-manager",
        "image-scripts": "image-scripts",
        "kmonad": "kmonad",
        "maintenance-scripts": "maintenance-scripts",
        "network-scripts": "network-scripts",
        "nixpkgs": "nixpkgs_2",
        "nur": "nur",
        "oled-display": "oled-display",
        "rofirc": "rofirc",
        "tmuxrc": "tmuxrc",
        "wsl": "wsl",
        "zshrc": "zshrc"
      }
    },
    "systems": {
      "locked": {
        "lastModified": 1681028828,
        "narHash": "sha256-Vy1rq5AaRuLzOxct8nz4T6wlgyUR7zLU309k9mBC768=",
        "owner": "nix-systems",
        "repo": "default",
        "rev": "da67096a3b9bf56a91d16901293e51ba5b49a27e",
        "type": "github"
      },
      "original": {
        "owner": "nix-systems",
        "repo": "default",
        "type": "github"
      }
    },
    "telega": {
      "flake": false,
      "locked": {
        "lastModified": 1673060303,
        "narHash": "sha256-pypaQm/PfVciheNUD6WF0VJ3nt0WWSuTe1vnYPpnYDs=",
        "owner": "zevlg",
        "repo": "telega.el",
        "rev": "01e8f9e397bb18522b76d3bcdb74f5798e7c4999",
        "type": "github"
      },
      "original": {
        "owner": "zevlg",
        "repo": "telega.el",
        "rev": "01e8f9e397bb18522b76d3bcdb74f5798e7c4999",
        "type": "github"
      }
    },
    "tmuxrc": {
      "inputs": {
        "nixpkgs": [
          "nixpkgs"
        ]
      },
      "locked": {
        "lastModified": 1639437569,
        "narHash": "sha256-kQ2gVdRa9ytrHr83PhTEfPEEXctB+yWqg05pyLC303c=",
        "owner": "pjones",
        "repo": "tmuxrc",
        "rev": "a3d3f34a7ee62e43070b1a4d3dec956d454b13e0",
        "type": "github"
      },
      "original": {
        "owner": "pjones",
        "repo": "tmuxrc",
        "type": "github"
      }
    },
    "wsl": {
      "inputs": {
        "flake-compat": "flake-compat",
        "flake-utils": "flake-utils",
        "nixpkgs": [
          "nixpkgs"
        ]
      },
      "locked": {
        "lastModified": 1698222534,
        "narHash": "sha256-iF9C7C7eT8LVVWx5IOZ/8KKJT8AIw9A5aBA6vqS18l8=",
        "owner": "nix-community",
        "repo": "NixOS-WSL",
        "rev": "a058cff4b09b3a398d8caa379b4dc96cfedd98c9",
        "type": "github"
      },
      "original": {
        "owner": "nix-community",
        "repo": "NixOS-WSL",
        "type": "github"
      }
    },
    "zshrc": {
      "inputs": {
        "nixpkgs": [
          "nixpkgs"
        ]
      },
      "locked": {
        "lastModified": 1660228216,
        "narHash": "sha256-dhVA0vza0m9SQfL291/6srcA+fQ3+HNTXOt4MlyV+H4=",
        "owner": "pjones",
        "repo": "zshrc",
        "rev": "1c4f4461ca998b458488cc4669728e5619c3523b",
        "type": "github"
      },
      "original": {
        "owner": "pjones",
        "repo": "zshrc",
        "type": "github"
      }
    }
  },
  "root": "root",
  "version": 7
}
